// !$*UTF8*$!
{
	archiveVersion = 1;
	classes = {
	};
	objectVersion = 56;
	objects = {

/* Begin PBXBuildFile section */
		0D21ED6E2ABB1EA700140B11 /* main.cpp in Sources */ = {isa = PBXBuildFile; fileRef = 0D21ED6D2ABB1EA700140B11 /* main.cpp */; };
		0D21ED812ABB20F300140B11 /* OpenGL.framework in Frameworks */ = {isa = PBXBuildFile; fileRef = 0D21ED752ABB1F9F00140B11 /* OpenGL.framework */; };
		0D21ED842ABB215D00140B11 /* CoreFoundation.framework in Frameworks */ = {isa = PBXBuildFile; fileRef = 0D21ED832ABB215D00140B11 /* CoreFoundation.framework */; };
		0D21ED952ABB233400140B11 /* libglfw.3.3.dylib in Frameworks */ = {isa = PBXBuildFile; fileRef = 0D21ED7A2ABB1FE500140B11 /* libglfw.3.3.dylib */; };
		0D21ED962ABB234800140B11 /* libGLEW.2.2.0.dylib in Frameworks */ = {isa = PBXBuildFile; fileRef = 0D21ED922ABB22A100140B11 /* libGLEW.2.2.0.dylib */; };
		0D21ED982ABB26B700140B11 /* glad.c in Sources */ = {isa = PBXBuildFile; fileRef = 0D21ED972ABB26B700140B11 /* glad.c */; };
/* End PBXBuildFile section */

/* Begin PBXCopyFilesBuildPhase section */
		0D21ED682ABB1EA700140B11 /* CopyFiles */ = {
			isa = PBXCopyFilesBuildPhase;
			buildActionMask = 2147483647;
			dstPath = /usr/share/man/man1/;
			dstSubfolderSpec = 0;
			files = (
			);
			runOnlyForDeploymentPostprocessing = 1;
		};
/* End PBXCopyFilesBuildPhase section */

/* Begin PBXFileReference section */
		0D21ED6A2ABB1EA700140B11 /* DemoGL */ = {isa = PBXFileReference; explicitFileType = "compiled.mach-o.executable"; includeInIndex = 0; path = DemoGL; sourceTree = BUILT_PRODUCTS_DIR; };
		0D21ED6D2ABB1EA700140B11 /* main.cpp */ = {isa = PBXFileReference; lastKnownFileType = sourcecode.cpp.cpp; path = main.cpp; sourceTree = "<group>"; };
		0D21ED752ABB1F9F00140B11 /* OpenGL.framework */ = {isa = PBXFileReference; lastKnownFileType = wrapper.framework; name = OpenGL.framework; path = System/Library/Frameworks/OpenGL.framework; sourceTree = SDKROOT; };
		0D21ED7A2ABB1FE500140B11 /* libglfw.3.3.dylib */ = {isa = PBXFileReference; lastKnownFileType = "compiled.mach-o.dylib"; name = libglfw.3.3.dylib; path = ../../../../usr/local/Cellar/glfw/3.3.8/lib/libglfw.3.3.dylib; sourceTree = "<group>"; };
		0D21ED7C2ABB1FFB00140B11 /* libGLEW.2.2.0.dylib */ = {isa = PBXFileReference; lastKnownFileType = "compiled.mach-o.dylib"; name = libGLEW.2.2.0.dylib; path = ../../../../usr/local/Cellar/glew/2.2.0_1/lib/libGLEW.2.2.0.dylib; sourceTree = "<group>"; };
		0D21ED832ABB215D00140B11 /* CoreFoundation.framework */ = {isa = PBXFileReference; lastKnownFileType = wrapper.framework; name = CoreFoundation.framework; path = System/Library/Frameworks/CoreFoundation.framework; sourceTree = SDKROOT; };
		0D21ED882ABB22A100140B11 /* glew.pc */ = {isa = PBXFileReference; lastKnownFileType = text; path = glew.pc; sourceTree = "<group>"; };
		0D21ED892ABB22A100140B11 /* libGLEW.dylib */ = {isa = PBXFileReference; lastKnownFileType = "compiled.mach-o.dylib"; path = libGLEW.dylib; sourceTree = "<group>"; };
		0D21ED8C2ABB22A100140B11 /* glew-config.cmake */ = {isa = PBXFileReference; lastKnownFileType = text; path = "glew-config.cmake"; sourceTree = "<group>"; };
		0D21ED8D2ABB22A100140B11 /* glew-targets.cmake */ = {isa = PBXFileReference; lastKnownFileType = text; path = "glew-targets.cmake"; sourceTree = "<group>"; };
		0D21ED8E2ABB22A100140B11 /* glew-targets-release.cmake */ = {isa = PBXFileReference; lastKnownFileType = text; path = "glew-targets-release.cmake"; sourceTree = "<group>"; };
		0D21ED8F2ABB22A100140B11 /* CopyImportedTargetProperties.cmake */ = {isa = PBXFileReference; lastKnownFileType = text; path = CopyImportedTargetProperties.cmake; sourceTree = "<group>"; };
		0D21ED902ABB22A100140B11 /* libGLEW.2.2.dylib */ = {isa = PBXFileReference; lastKnownFileType = "compiled.mach-o.dylib"; path = libGLEW.2.2.dylib; sourceTree = "<group>"; };
		0D21ED912ABB22A100140B11 /* libGLEW.a */ = {isa = PBXFileReference; lastKnownFileType = archive.ar; path = libGLEW.a; sourceTree = "<group>"; };
		0D21ED922ABB22A100140B11 /* libGLEW.2.2.0.dylib */ = {isa = PBXFileReference; lastKnownFileType = "compiled.mach-o.dylib"; path = libGLEW.2.2.0.dylib; sourceTree = "<group>"; };
		0D21ED972ABB26B700140B11 /* glad.c */ = {isa = PBXFileReference; fileEncoding = 4; lastKnownFileType = sourcecode.c.c; path = glad.c; sourceTree = "<group>"; };
/* End PBXFileReference section */

/* Begin PBXFrameworksBuildPhase section */
		0D21ED672ABB1EA700140B11 /* Frameworks */ = {
			isa = PBXFrameworksBuildPhase;
			buildActionMask = 2147483647;
			files = (
				0D21ED962ABB234800140B11 /* libGLEW.2.2.0.dylib in Frameworks */,
				0D21ED952ABB233400140B11 /* libglfw.3.3.dylib in Frameworks */,
				0D21ED842ABB215D00140B11 /* CoreFoundation.framework in Frameworks */,
				0D21ED812ABB20F300140B11 /* OpenGL.framework in Frameworks */,
			);
			runOnlyForDeploymentPostprocessing = 0;
		};
/* End PBXFrameworksBuildPhase section */

/* Begin PBXGroup section */
		0D21ED612ABB1EA700140B11 = {
			isa = PBXGroup;
			children = (
				0D21ED6C2ABB1EA700140B11 /* DemoGL */,
				0D21ED6B2ABB1EA700140B11 /* Products */,
				0D21ED742ABB1F9F00140B11 /* Frameworks */,
			);
			sourceTree = "<group>";
		};
		0D21ED6B2ABB1EA700140B11 /* Products */ = {
			isa = PBXGroup;
			children = (
				0D21ED6A2ABB1EA700140B11 /* DemoGL */,
			);
			name = Products;
			sourceTree = "<group>";
		};
		0D21ED6C2ABB1EA700140B11 /* DemoGL */ = {
			isa = PBXGroup;
			children = (
				0D21ED972ABB26B700140B11 /* glad.c */,
				0D21ED6D2ABB1EA700140B11 /* main.cpp */,
			);
			path = DemoGL;
			sourceTree = "<group>";
		};
		0D21ED742ABB1F9F00140B11 /* Frameworks */ = {
			isa = PBXGroup;
			children = (
				0D21ED862ABB22A100140B11 /* lib */,
				0D21ED832ABB215D00140B11 /* CoreFoundation.framework */,
				0D21ED7C2ABB1FFB00140B11 /* libGLEW.2.2.0.dylib */,
				0D21ED7A2ABB1FE500140B11 /* libglfw.3.3.dylib */,
				0D21ED752ABB1F9F00140B11 /* OpenGL.framework */,
			);
			name = Frameworks;
			sourceTree = "<group>";
		};
		0D21ED862ABB22A100140B11 /* lib */ = {
			isa = PBXGroup;
			children = (
				0D21ED872ABB22A100140B11 /* pkgconfig */,
				0D21ED892ABB22A100140B11 /* libGLEW.dylib */,
				0D21ED8A2ABB22A100140B11 /* cmake */,
				0D21ED902ABB22A100140B11 /* libGLEW.2.2.dylib */,
				0D21ED912ABB22A100140B11 /* libGLEW.a */,
				0D21ED922ABB22A100140B11 /* libGLEW.2.2.0.dylib */,
			);
			name = lib;
			path = ../../../../usr/local/Cellar/glew/2.2.0_1/lib;
			sourceTree = "<group>";
		};
		0D21ED872ABB22A100140B11 /* pkgconfig */ = {
			isa = PBXGroup;
			children = (
				0D21ED882ABB22A100140B11 /* glew.pc */,
			);
			path = pkgconfig;
			sourceTree = "<group>";
		};
		0D21ED8A2ABB22A100140B11 /* cmake */ = {
			isa = PBXGroup;
			children = (
				0D21ED8B2ABB22A100140B11 /* glew */,
			);
			path = cmake;
			sourceTree = "<group>";
		};
		0D21ED8B2ABB22A100140B11 /* glew */ = {
			isa = PBXGroup;
			children = (
				0D21ED8C2ABB22A100140B11 /* glew-config.cmake */,
				0D21ED8D2ABB22A100140B11 /* glew-targets.cmake */,
				0D21ED8E2ABB22A100140B11 /* glew-targets-release.cmake */,
				0D21ED8F2ABB22A100140B11 /* CopyImportedTargetProperties.cmake */,
			);
			path = glew;
			sourceTree = "<group>";
		};
/* End PBXGroup section */

/* Begin PBXNativeTarget section */
		0D21ED692ABB1EA700140B11 /* DemoGL */ = {
			isa = PBXNativeTarget;
			buildConfigurationList = 0D21ED712ABB1EA700140B11 /* Build configuration list for PBXNativeTarget "DemoGL" */;
			buildPhases = (
				0D21ED662ABB1EA700140B11 /* Sources */,
				0D21ED672ABB1EA700140B11 /* Frameworks */,
				0D21ED682ABB1EA700140B11 /* CopyFiles */,
			);
			buildRules = (
			);
			dependencies = (
			);
			name = DemoGL;
			productName = DemoGL;
			productReference = 0D21ED6A2ABB1EA700140B11 /* DemoGL */;
			productType = "com.apple.product-type.tool";
		};
/* End PBXNativeTarget section */

/* Begin PBXProject section */
		0D21ED622ABB1EA700140B11 /* Project object */ = {
			isa = PBXProject;
			attributes = {
				BuildIndependentTargetsInParallel = 1;
				LastUpgradeCheck = 1500;
				TargetAttributes = {
					0D21ED692ABB1EA700140B11 = {
						CreatedOnToolsVersion = 15.0;
					};
				};
			};
			buildConfigurationList = 0D21ED652ABB1EA700140B11 /* Build configuration list for PBXProject "DemoGL" */;
			compatibilityVersion = "Xcode 14.0";
			developmentRegion = en;
			hasScannedForEncodings = 0;
			knownRegions = (
				en,
				Base,
			);
			mainGroup = 0D21ED612ABB1EA700140B11;
			productRefGroup = 0D21ED6B2ABB1EA700140B11 /* Products */;
			projectDirPath = "";
			projectRoot = "";
			targets = (
				0D21ED692ABB1EA700140B11 /* DemoGL */,
			);
		};
/* End PBXProject section */

/* Begin PBXSourcesBuildPhase section */
		0D21ED662ABB1EA700140B11 /* Sources */ = {
			isa = PBXSourcesBuildPhase;
			buildActionMask = 2147483647;
			files = (
				0D21ED6E2ABB1EA700140B11 /* main.cpp in Sources */,
				0D21ED982ABB26B700140B11 /* glad.c in Sources */,
			);
			runOnlyForDeploymentPostprocessing = 0;
		};
/* End PBXSourcesBuildPhase section */

/* Begin XCBuildConfiguration section */
		0D21ED6F2ABB1EA700140B11 /* Debug */ = {
			isa = XCBuildConfiguration;
			buildSettings = {
				ALWAYS_SEARCH_USER_PATHS = NO;
				ASSETCATALOG_COMPILER_GENERATE_SWIFT_ASSET_SYMBOL_EXTENSIONS = YES;
				CLANG_ANALYZER_NONNULL = YES;
				CLANG_ANALYZER_NUMBER_OBJECT_CONVERSION = YES_AGGRESSIVE;
				CLANG_CXX_LANGUAGE_STANDARD = "gnu++20";
				CLANG_ENABLE_MODULES = YES;
				CLANG_ENABLE_OBJC_ARC = YES;
				CLANG_ENABLE_OBJC_WEAK = YES;
				CLANG_WARN_BLOCK_CAPTURE_AUTORELEASING = YES;
				CLANG_WARN_BOOL_CONVERSION = YES;
				CLANG_WARN_COMMA = YES;
				CLANG_WARN_CONSTANT_CONVERSION = YES;
				CLANG_WARN_DEPRECATED_OBJC_IMPLEMENTATIONS = YES;
				CLANG_WARN_DIRECT_OBJC_ISA_USAGE = YES_ERROR;
				CLANG_WARN_DOCUMENTATION_COMMENTS = YES;
				CLANG_WARN_EMPTY_BODY = YES;
				CLANG_WARN_ENUM_CONVERSION = YES;
				CLANG_WARN_INFINITE_RECURSION = YES;
				CLANG_WARN_INT_CONVERSION = YES;
				CLANG_WARN_NON_LITERAL_NULL_CONVERSION = YES;
				CLANG_WARN_OBJC_IMPLICIT_RETAIN_SELF = YES;
				CLANG_WARN_OBJC_LITERAL_CONVERSION = YES;
				CLANG_WARN_OBJC_ROOT_CLASS = YES_ERROR;
				CLANG_WARN_QUOTED_INCLUDE_IN_FRAMEWORK_HEADER = YES;
				CLANG_WARN_RANGE_LOOP_ANALYSIS = YES;
				CLANG_WARN_STRICT_PROTOTYPES = YES;
				CLANG_WARN_SUSPICIOUS_MOVE = YES;
				CLANG_WARN_UNGUARDED_AVAILABILITY = YES_AGGRESSIVE;
				CLANG_WARN_UNREACHABLE_CODE = YES;
				CLANG_WARN__DUPLICATE_METHOD_MATCH = YES;
				COPY_PHASE_STRIP = NO;
				DEBUG_INFORMATION_FORMAT = dwarf;
				ENABLE_STRICT_OBJC_MSGSEND = YES;
				ENABLE_TESTABILITY = YES;
				ENABLE_USER_SCRIPT_SANDBOXING = YES;
				GCC_C_LANGUAGE_STANDARD = gnu17;
				GCC_DYNAMIC_NO_PIC = NO;
				GCC_NO_COMMON_BLOCKS = YES;
				GCC_OPTIMIZATION_LEVEL = 0;
				GCC_PREPROCESSOR_DEFINITIONS = (
					"DEBUG=1",
					"$(inherited)",
				);
				GCC_WARN_64_TO_32_BIT_CONVERSION = YES;
				GCC_WARN_ABOUT_RETURN_TYPE = YES_ERROR;
				GCC_WARN_UNDECLARED_SELECTOR = YES;
				GCC_WARN_UNINITIALIZED_AUTOS = YES_AGGRESSIVE;
				GCC_WARN_UNUSED_FUNCTION = YES;
				GCC_WARN_UNUSED_VARIABLE = YES;
				LOCALIZATION_PREFERS_STRING_CATALOGS = YES;
				MACOSX_DEPLOYMENT_TARGET = 13.5;
				MTL_ENABLE_DEBUG_INFO = INCLUDE_SOURCE;
				MTL_FAST_MATH = YES;
				ONLY_ACTIVE_ARCH = YES;
				SDKROOT = macosx;
			};
			name = Debug;
		};
		0D21ED702ABB1EA700140B11 /* Release */ = {
			isa = XCBuildConfiguration;
			buildSettings = {
				ALWAYS_SEARCH_USER_PATHS = NO;
				ASSETCATALOG_COMPILER_GENERATE_SWIFT_ASSET_SYMBOL_EXTENSIONS = YES;
				CLANG_ANALYZER_NONNULL = YES;
				CLANG_ANALYZER_NUMBER_OBJECT_CONVERSION = YES_AGGRESSIVE;
				CLANG_CXX_LANGUAGE_STANDARD = "gnu++20";
				CLANG_ENABLE_MODULES = YES;
				CLANG_ENABLE_OBJC_ARC = YES;
				CLANG_ENABLE_OBJC_WEAK = YES;
				CLANG_WARN_BLOCK_CAPTURE_AUTORELEASING = YES;
				CLANG_WARN_BOOL_CONVERSION = YES;
				CLANG_WARN_COMMA = YES;
				CLANG_WARN_CONSTANT_CONVERSION = YES;
				CLANG_WARN_DEPRECATED_OBJC_IMPLEMENTATIONS = YES;
				CLANG_WARN_DIRECT_OBJC_ISA_USAGE = YES_ERROR;
				CLANG_WARN_DOCUMENTATION_COMMENTS = YES;
				CLANG_WARN_EMPTY_BODY = YES;
				CLANG_WARN_ENUM_CONVERSION = YES;
				CLANG_WARN_INFINITE_RECURSION = YES;
				CLANG_WARN_INT_CONVERSION = YES;
				CLANG_WARN_NON_LITERAL_NULL_CONVERSION = YES;
				CLANG_WARN_OBJC_IMPLICIT_RETAIN_SELF = YES;
				CLANG_WARN_OBJC_LITERAL_CONVERSION = YES;
				CLANG_WARN_OBJC_ROOT_CLASS = YES_ERROR;
				CLANG_WARN_QUOTED_INCLUDE_IN_FRAMEWORK_HEADER = YES;
				CLANG_WARN_RANGE_LOOP_ANALYSIS = YES;
				CLANG_WARN_STRICT_PROTOTYPES = YES;
				CLANG_WARN_SUSPICIOUS_MOVE = YES;
				CLANG_WARN_UNGUARDED_AVAILABILITY = YES_AGGRESSIVE;
				CLANG_WARN_UNREACHABLE_CODE = YES;
				CLANG_WARN__DUPLICATE_METHOD_MATCH = YES;
				COPY_PHASE_STRIP = NO;
				DEBUG_INFORMATION_FORMAT = "dwarf-with-dsym";
				ENABLE_NS_ASSERTIONS = NO;
				ENABLE_STRICT_OBJC_MSGSEND = YES;
				ENABLE_USER_SCRIPT_SANDBOXING = YES;
				GCC_C_LANGUAGE_STANDARD = gnu17;
				GCC_NO_COMMON_BLOCKS = YES;
				GCC_WARN_64_TO_32_BIT_CONVERSION = YES;
				GCC_WARN_ABOUT_RETURN_TYPE = YES_ERROR;
				GCC_WARN_UNDECLARED_SELECTOR = YES;
				GCC_WARN_UNINITIALIZED_AUTOS = YES_AGGRESSIVE;
				GCC_WARN_UNUSED_FUNCTION = YES;
				GCC_WARN_UNUSED_VARIABLE = YES;
				LOCALIZATION_PREFERS_STRING_CATALOGS = YES;
				MACOSX_DEPLOYMENT_TARGET = 13.5;
				MTL_ENABLE_DEBUG_INFO = NO;
				MTL_FAST_MATH = YES;
				SDKROOT = macosx;
			};
			name = Release;
		};
		0D21ED722ABB1EA700140B11 /* Debug */ = {
			isa = XCBuildConfiguration;
			buildSettings = {
				"CODE_SIGN_IDENTITY[sdk=macosx*]" = "Apple Development";
				CODE_SIGN_STYLE = Automatic;
				DEVELOPMENT_TEAM = 5NK9C68KNK;
				ENABLE_HARDENED_RUNTIME = YES;
				HEADER_SEARCH_PATHS = (
					/usr/local/include,
					"$(inherited)",
					/usr/local/Cellar/glew/2.2.0_1/lib,
					/usr/local/Cellar/glfw/3.3.8/lib,
				);
				LIBRARY_SEARCH_PATHS = (
					"$(inherited)",
					/usr/local/Cellar/glfw/3.3.8/lib,
					/usr/local/Cellar/glew/2.2.0_1/lib,
				);
				PRODUCT_BUNDLE_IDENTIFIER = com.powechi.DemoGL;
				PRODUCT_NAME = "$(TARGET_NAME)";
			};
			name = Debug;
		};
		0D21ED732ABB1EA700140B11 /* Release */ = {
			isa = XCBuildConfiguration;
			buildSettings = {
				"CODE_SIGN_IDENTITY[sdk=macosx*]" = "Apple Development";
				CODE_SIGN_STYLE = Automatic;
				DEVELOPMENT_TEAM = 5NK9C68KNK;
				ENABLE_HARDENED_RUNTIME = YES;
				HEADER_SEARCH_PATHS = (
					/usr/local/include,
					"$(inherited)",
					/usr/local/Cellar/glew/2.2.0_1/lib,
					/usr/local/Cellar/glfw/3.3.8/lib,
				);
				LIBRARY_SEARCH_PATHS = (
					"$(inherited)",
					/usr/local/Cellar/glfw/3.3.8/lib,
					/usr/local/Cellar/glew/2.2.0_1/lib,
				);
				PRODUCT_BUNDLE_IDENTIFIER = com.powechi.DemoGL;
				PRODUCT_NAME = "$(TARGET_NAME)";
			};
			name = Release;
		};
/* End XCBuildConfiguration section */

/* Begin XCConfigurationList section */
		0D21ED652ABB1EA700140B11 /* Build configuration list for PBXProject "DemoGL" */ = {
			isa = XCConfigurationList;
			buildConfigurations = (
				0D21ED6F2ABB1EA700140B11 /* Debug */,
				0D21ED702ABB1EA700140B11 /* Release */,
			);
			defaultConfigurationIsVisible = 0;
			defaultConfigurationName = Release;
		};
		0D21ED712ABB1EA700140B11 /* Build configuration list for PBXNativeTarget "DemoGL" */ = {
			isa = XCConfigurationList;
			buildConfigurations = (
				0D21ED722ABB1EA700140B11 /* Debug */,
				0D21ED732ABB1EA700140B11 /* Release */,
			);
			defaultConfigurationIsVisible = 0;
			defaultConfigurationName = Release;
		};
/* End XCConfigurationList section */
	};
	rootObject = 0D21ED622ABB1EA700140B11 /* Project object */;
}
